
Microsoft Visual Studio Solution File, Format Version 12.00
# Visual Studio Version 17
VisualStudioVersion = 17.4.33213.308
MinimumVisualStudioVersion = 10.0.40219.1
Project("{FAE04EC0-301F-11D3-BF4B-00C04F79EFBC}") = "Wacky Races", "Wacky Races.csproj", "{28622C63-E860-4BA7-A09E-D633DFC07171}"
EndProject
Global
	GlobalSection(SolutionConfigurationPlatforms) = preSolution
		Debug|Any CPU = Debug|Any CPU
		Release|Any CPU = Release|Any CPU
	EndGlobalSection
	GlobalSection(ProjectConfigurationPlatforms) = postSolution
		{28622C63-E860-4BA7-A09E-D633DFC07171}.Debug|Any CPU.ActiveCfg = Debug|Any CPU
		{28622C63-E860-4BA7-A09E-D633DFC07171}.Debug|Any CPU.Build.0 = Debug|Any CPU
		{28622C63-E860-4BA7-A09E-D633DFC07171}.Release|Any CPU.ActiveCfg = Release|Any CPU
		{28622C63-E860-4BA7-A09E-D633DFC07171}.Release|Any CPU.Build.0 = Release|Any CPU
	EndGlobalSection
	GlobalSection(SolutionProperties) = preSolution
		HideSolutionNode = FALSE
	EndGlobalSection
	GlobalSection(ExtensibilityGlobals) = postSolution
		SolutionGuid = {64768091-3485-46E3-B1E2-2ADA2ADBCF6E}
	EndGlobalSection
EndGlobal
